PODS:
  - Alamofire (5.3.0)
  - AlamofireImage (4.1.0):
    - Alamofire (~> 5.1)
  - Bolts/Tasks (1.9.1)
  - FBSDKCoreKit (8.2.0):
    - FBSDKCoreKit/Basics (= 8.2.0)
    - FBSDKCoreKit/Core (= 8.2.0)
  - FBSDKCoreKit/Basics (8.2.0)
  - FBSDKCoreKit/Core (8.2.0):
    - FBSDKCoreKit/Basics
  - FBSDKLoginKit (8.2.0):
    - FBSDKLoginKit/Login (= 8.2.0)
  - FBSDKLoginKit/Login (8.2.0):
    - FBSDKCoreKit (~> 8.2.0)
  - Parse (1.19.1):
    - Parse/Core (= 1.19.1)
  - Parse/Core (1.19.1):
    - Bolts/Tasks (= 1.9.1)

DEPENDENCIES:
  - AlamofireImage
  - FBSDKLoginKit
  - Parse

SPEC REPOS:
  trunk:
    - Alamofire
    - AlamofireImage
    - Bolts
    - FBSDKCoreKit
    - FBSDKLoginKit
    - Parse

SPEC CHECKSUMS:
  Alamofire: 2c792affbdc2f18016e08fdbcacd60aebe1ba593
  AlamofireImage: c4a2ba349885fb3064feb74d2e547bd42ce9be10
  Bolts: 8c1e8aab2f603387b8b9924f57d1d64f43d3ffdc
  FBSDKCoreKit: 4afd6ff53d8133a433dbcda44451c9498f8c6ce4
  FBSDKLoginKit: 7181765f2524d7ebf82d9629066c8e6caafc99d0
  Parse: e40fdb9c7d665823b7fe9865949cac9a53eb2ce7

PODFILE CHECKSUM: cfc44a275a7cd02418480dc2923a8af6391867cd

COCOAPODS: 1.10.0
